# This file is automatically @generated by Cargo.
# It is not intended for manual editing.
version = 3

[[package]]
name = "bech32"
version = "0.9.1"
source = "registry+https://github.com/rust-lang/crates.io-index"
checksum = "d86b93f97252c47b41663388e6d155714a9d0c398b99f1005cbc5f978b29f445"

[[package]]
name = "bitcoin"
version = "0.29.2"
source = "registry+https://github.com/rust-lang/crates.io-index"
checksum = "0694ea59225b0c5f3cb405ff3f670e4828358ed26aec49dc352f730f0cb1a8a3"
dependencies = [
 "bech32",
 "bitcoin_hashes",
 "secp256k1 0.24.3",
]

[[package]]
name = "bitcoin_hashes"
version = "0.11.0"
source = "registry+https://github.com/rust-lang/crates.io-index"
checksum = "90064b8dee6815a6470d60bad07bbbaee885c0e12d04177138fa3291a01b7bc4"

[[package]]
name = "cc"
version = "1.0.79"
source = "registry+https://github.com/rust-lang/crates.io-index"
checksum = "50d30906286121d95be3d479533b458f87493b30a4b5f79a607db8f5d11aa91f"

[[package]]
name = "cfg-if"
version = "1.0.0"
source = "registry+https://github.com/rust-lang/crates.io-index"
checksum = "baf1de4339761588bc0619e3cbc0120ee582ebb74b53b4efbf79117bd2da40fd"

[[package]]
name = "elements"
version = "0.21.1"
source = "registry+https://github.com/rust-lang/crates.io-index"
checksum = "8cd462060c44a13e76b2fba1da45d11d539672bc30cbe225316256a1e391129d"
dependencies = [
 "bitcoin",
 "bitcoin_hashes",
 "secp256k1-zkp",
 "serde_json",
 "slip21",
]

[[package]]
name = "elements-verify-block"
version = "0.1.0"
dependencies = [
 "elements",
 "hex",
 "secp256k1 0.26.0",
]

[[package]]
name = "getrandom"
version = "0.2.8"
source = "registry+https://github.com/rust-lang/crates.io-index"
checksum = "c05aeb6a22b8f62540c194aac980f2115af067bfe15a0734d7277a768d396b31"
dependencies = [
 "cfg-if",
 "libc",
 "wasi",
]

[[package]]
name = "hex"
version = "0.4.3"
source = "registry+https://github.com/rust-lang/crates.io-index"
checksum = "7f24254aa9a54b5c858eaee2f5bccdb46aaf0e486a595ed5fd8f86ba55232a70"

[[package]]
name = "itoa"
version = "1.0.6"
source = "registry+https://github.com/rust-lang/crates.io-index"
checksum = "453ad9f582a441959e5f0d088b02ce04cfe8d51a8eaf077f12ac6d3e94164ca6"

[[package]]
name = "libc"
version = "0.2.140"
source = "registry+https://github.com/rust-lang/crates.io-index"
checksum = "99227334921fae1a979cf0bfdfcc6b3e5ce376ef57e16fb6fb3ea2ed6095f80c"

[[package]]
name = "ppv-lite86"
version = "0.2.17"
source = "registry+https://github.com/rust-lang/crates.io-index"
checksum = "5b40af805b3121feab8a3c29f04d8ad262fa8e0561883e7653e024ae4479e6de"

[[package]]
name = "rand"
version = "0.8.5"
source = "registry+https://github.com/rust-lang/crates.io-index"
checksum = "34af8d1a0e25924bc5b7c43c079c942339d8f0a8b57c39049bef581b46327404"
dependencies = [
 "libc",
 "rand_chacha",
 "rand_core",
]

[[package]]
name = "rand_chacha"
version = "0.3.1"
source = "registry+https://github.com/rust-lang/crates.io-index"
checksum = "e6c10a63a0fa32252be49d21e7709d4d4baf8d231c2dbce1eaa8141b9b127d88"
dependencies = [
 "ppv-lite86",
 "rand_core",
]

[[package]]
name = "rand_core"
version = "0.6.4"
source = "registry+https://github.com/rust-lang/crates.io-index"
checksum = "ec0be4795e2f6a28069bec0b5ff3e2ac9bafc99e6a9a7dc3547996c5c816922c"
dependencies = [
 "getrandom",
]

[[package]]
name = "ryu"
version = "1.0.13"
source = "registry+https://github.com/rust-lang/crates.io-index"
checksum = "f91339c0467de62360649f8d3e185ca8de4224ff281f66000de5eb2a77a79041"

[[package]]
name = "secp256k1"
version = "0.24.3"
source = "registry+https://github.com/rust-lang/crates.io-index"
checksum = "6b1629c9c557ef9b293568b338dddfc8208c98a18c59d722a9d53f859d9c9b62"
dependencies = [
 "bitcoin_hashes",
 "rand",
 "secp256k1-sys 0.6.1",
]

[[package]]
name = "secp256k1"
version = "0.26.0"
source = "registry+https://github.com/rust-lang/crates.io-index"
checksum = "4124a35fe33ae14259c490fd70fa199a32b9ce9502f2ee6bc4f81ec06fa65894"
dependencies = [
 "secp256k1-sys 0.8.0",
]

[[package]]
name = "secp256k1-sys"
version = "0.6.1"
source = "registry+https://github.com/rust-lang/crates.io-index"
checksum = "83080e2c2fc1006e625be82e5d1eb6a43b7fd9578b617fcc55814daf286bba4b"
dependencies = [
 "cc",
]

[[package]]
name = "secp256k1-sys"
version = "0.8.0"
source = "registry+https://github.com/rust-lang/crates.io-index"
checksum = "642a62736682fdd8c71da0eb273e453c8ac74e33b9fb310e22ba5b03ec7651ff"
dependencies = [
 "cc",
]

[[package]]
name = "secp256k1-zkp"
version = "0.7.0"
source = "registry+https://github.com/rust-lang/crates.io-index"
checksum = "fd403e9f0569b4131ab3fc9fa24a17775331b39382efd2cde851fdca655e3520"
dependencies = [
 "rand",
 "secp256k1 0.24.3",
 "secp256k1-zkp-sys",
]

[[package]]
name = "secp256k1-zkp-sys"
version = "0.7.0"
source = "registry+https://github.com/rust-lang/crates.io-index"
checksum = "64e7a2beac087c1da2d21018a3b7f043fe2f138654ad9c1518d409061a4a0034"
dependencies = [
 "cc",
 "secp256k1-sys 0.6.1",
]

[[package]]
name = "serde"
version = "1.0.156"
source = "registry+https://github.com/rust-lang/crates.io-index"
checksum = "314b5b092c0ade17c00142951e50ced110ec27cea304b1037c6969246c2469a4"

[[package]]
name = "serde_json"
version = "1.0.94"
source = "registry+https://github.com/rust-lang/crates.io-index"
checksum = "1c533a59c9d8a93a09c6ab31f0fd5e5f4dd1b8fc9434804029839884765d04ea"
dependencies = [
 "itoa",
 "ryu",
 "serde",
]

[[package]]
name = "slip21"
version = "0.2.1"
source = "registry+https://github.com/rust-lang/crates.io-index"
checksum = "516f52f3cec67962a9c414130251b512f2ff47f81980411ae01b6ce540b1ca6b"
dependencies = [
 "bitcoin_hashes",
]

[[package]]
name = "wasi"
version = "0.11.0+wasi-snapshot-preview1"
source = "registry+https://github.com/rust-lang/crates.io-index"
checksum = "9c8d87e72b64a3b4db28d11ce29237c246188f4f51057d65a7eab63b7987e423"
